
Microsoft Visual Studio Solution File, Format Version 12.00
# Visual Studio 15
VisualStudioVersion = 15.0.27130.2027
MinimumVisualStudioVersion = 10.0.40219.1
Project("{9A19103F-16F7-4668-BE54-9A1E7A4F7556}") = "DemoApi", "DemoApi\DemoApi.csproj", "{ACE3A409-270C-46DB-B452-2DBF0A4283D3}"
EndProject
Project("{9092AA53-FB77-4645-B42D-1CCCA6BD08BD}") = "NodeJsApi", "NodeJsApi\NodeJsApi.njsproj", "{0C8EC446-E2C6-4F70-BC29-98C29B07988F}"
EndProject
Project("{2150E333-8FDC-42A3-9474-1A3956D46DE8}") = "Solution Items", "Solution Items", "{6C958270-0267-4785-AF9A-791338B383F7}"
	ProjectSection(SolutionItems) = preProject
		docker-compose.yml = docker-compose.yml
	EndProjectSection
EndProject
Project("{FAE04EC0-301F-11D3-BF4B-00C04F79EFBC}") = "EmailService", "EmailService\EmailService.csproj", "{8B58B41D-A6D7-4465-B5DA-67F61ED961FD}"
EndProject
Project("{FAE04EC0-301F-11D3-BF4B-00C04F79EFBC}") = "Messages", "Messages\Messages.csproj", "{53B4F304-C97A-4456-BDD9-5D97E8DA5169}"
EndProject
Global
	GlobalSection(SolutionConfigurationPlatforms) = preSolution
		Debug|Any CPU = Debug|Any CPU
		Release|Any CPU = Release|Any CPU
	EndGlobalSection
	GlobalSection(ProjectConfigurationPlatforms) = postSolution
		{ACE3A409-270C-46DB-B452-2DBF0A4283D3}.Debug|Any CPU.ActiveCfg = Debug|Any CPU
		{ACE3A409-270C-46DB-B452-2DBF0A4283D3}.Debug|Any CPU.Build.0 = Debug|Any CPU
		{ACE3A409-270C-46DB-B452-2DBF0A4283D3}.Release|Any CPU.ActiveCfg = Release|Any CPU
		{ACE3A409-270C-46DB-B452-2DBF0A4283D3}.Release|Any CPU.Build.0 = Release|Any CPU
		{0C8EC446-E2C6-4F70-BC29-98C29B07988F}.Debug|Any CPU.ActiveCfg = Debug|Any CPU
		{0C8EC446-E2C6-4F70-BC29-98C29B07988F}.Debug|Any CPU.Build.0 = Debug|Any CPU
		{0C8EC446-E2C6-4F70-BC29-98C29B07988F}.Release|Any CPU.ActiveCfg = Release|Any CPU
		{0C8EC446-E2C6-4F70-BC29-98C29B07988F}.Release|Any CPU.Build.0 = Release|Any CPU
		{8B58B41D-A6D7-4465-B5DA-67F61ED961FD}.Debug|Any CPU.ActiveCfg = Debug|Any CPU
		{8B58B41D-A6D7-4465-B5DA-67F61ED961FD}.Debug|Any CPU.Build.0 = Debug|Any CPU
		{8B58B41D-A6D7-4465-B5DA-67F61ED961FD}.Release|Any CPU.ActiveCfg = Release|Any CPU
		{8B58B41D-A6D7-4465-B5DA-67F61ED961FD}.Release|Any CPU.Build.0 = Release|Any CPU
		{53B4F304-C97A-4456-BDD9-5D97E8DA5169}.Debug|Any CPU.ActiveCfg = Debug|Any CPU
		{53B4F304-C97A-4456-BDD9-5D97E8DA5169}.Debug|Any CPU.Build.0 = Debug|Any CPU
		{53B4F304-C97A-4456-BDD9-5D97E8DA5169}.Release|Any CPU.ActiveCfg = Release|Any CPU
		{53B4F304-C97A-4456-BDD9-5D97E8DA5169}.Release|Any CPU.Build.0 = Release|Any CPU
	EndGlobalSection
	GlobalSection(SolutionProperties) = preSolution
		HideSolutionNode = FALSE
	EndGlobalSection
	GlobalSection(ExtensibilityGlobals) = postSolution
		SolutionGuid = {CA9E3765-25FC-45E5-9375-BAA5F3B8CB9D}
	EndGlobalSection
EndGlobal
